
Microsoft Visual Studio Solution File, Format Version 12.00
# Visual Studio Version 16
VisualStudioVersion = 16.0.31129.286
MinimumVisualStudioVersion = 10.0.40219.1
Project("{9A19103F-16F7-4668-BE54-9A1E7A4F7556}") = "DotYou.Kernel", "DotYou.Kernel\DotYou.Kernel.csproj", "{6BCBC06F-E07B-4952-9A63-832F26B0891B}"
EndProject
Project("{9A19103F-16F7-4668-BE54-9A1E7A4F7556}") = "DotYou.DigitalIdentityHost", "DotYou.DigitalIdentityHost\DotYou.DigitalIdentityHost.csproj", "{BC28F7AF-BD57-4137-9629-716E5A1DC2E9}"
EndProject
Project("{2150E333-8FDC-42A3-9474-1A3956D46DE8}") = "Tests", "Tests", "{A98EA801-5CF3-4550-920B-F48963F4C123}"
EndProject
Project("{FAE04EC0-301F-11D3-BF4B-00C04F79EFBC}") = "DotYou.TenantHost.WebAPI.Tests", "Tests\DotYou.TenantHost.WebAPI.Tests\DotYou.TenantHost.WebAPI.Tests.csproj", "{CD961B92-658E-4EEC-B430-85665BAC1830}"
EndProject
Project("{FAE04EC0-301F-11D3-BF4B-00C04F79EFBC}") = "DotYou.TenantHost.DataType.Tests", "Tests\DotYou.TenantHost.DataType.Tests\DotYou.TenantHost.DataType.Tests.csproj", "{99F77839-75B5-4C90-9E5C-213DEB23D5DC}"
EndProject
Project("{FAE04EC0-301F-11D3-BF4B-00C04F79EFBC}") = "DotYou.Kernel.CryptographyTests", "Tests\DotYou.Kernel.CryptographyTests\DotYou.Kernel.CryptographyTests.csproj", "{DD1DF899-8D30-4AED-9BD7-6C1D15A3E68C}"
EndProject
Project("{FAE04EC0-301F-11D3-BF4B-00C04F79EFBC}") = "Scratchpad", "Tests\Scratchpad\Scratchpad.csproj", "{0A1A7005-CA7E-41A1-8340-626742A0D3C5}"
EndProject
Global
	GlobalSection(SolutionConfigurationPlatforms) = preSolution
		Debug|Any CPU = Debug|Any CPU
		Release|Any CPU = Release|Any CPU
	EndGlobalSection
	GlobalSection(ProjectConfigurationPlatforms) = postSolution
		{6BCBC06F-E07B-4952-9A63-832F26B0891B}.Debug|Any CPU.ActiveCfg = Debug|Any CPU
		{6BCBC06F-E07B-4952-9A63-832F26B0891B}.Debug|Any CPU.Build.0 = Debug|Any CPU
		{6BCBC06F-E07B-4952-9A63-832F26B0891B}.Release|Any CPU.ActiveCfg = Release|Any CPU
		{6BCBC06F-E07B-4952-9A63-832F26B0891B}.Release|Any CPU.Build.0 = Release|Any CPU
		{BC28F7AF-BD57-4137-9629-716E5A1DC2E9}.Debug|Any CPU.ActiveCfg = Debug|Any CPU
		{BC28F7AF-BD57-4137-9629-716E5A1DC2E9}.Debug|Any CPU.Build.0 = Debug|Any CPU
		{BC28F7AF-BD57-4137-9629-716E5A1DC2E9}.Release|Any CPU.ActiveCfg = Release|Any CPU
		{BC28F7AF-BD57-4137-9629-716E5A1DC2E9}.Release|Any CPU.Build.0 = Release|Any CPU
		{CD961B92-658E-4EEC-B430-85665BAC1830}.Debug|Any CPU.ActiveCfg = Debug|Any CPU
		{CD961B92-658E-4EEC-B430-85665BAC1830}.Debug|Any CPU.Build.0 = Debug|Any CPU
		{CD961B92-658E-4EEC-B430-85665BAC1830}.Release|Any CPU.ActiveCfg = Release|Any CPU
		{CD961B92-658E-4EEC-B430-85665BAC1830}.Release|Any CPU.Build.0 = Release|Any CPU
		{99F77839-75B5-4C90-9E5C-213DEB23D5DC}.Debug|Any CPU.ActiveCfg = Debug|Any CPU
		{99F77839-75B5-4C90-9E5C-213DEB23D5DC}.Debug|Any CPU.Build.0 = Debug|Any CPU
		{99F77839-75B5-4C90-9E5C-213DEB23D5DC}.Release|Any CPU.ActiveCfg = Release|Any CPU
		{99F77839-75B5-4C90-9E5C-213DEB23D5DC}.Release|Any CPU.Build.0 = Release|Any CPU
		{DD1DF899-8D30-4AED-9BD7-6C1D15A3E68C}.Debug|Any CPU.ActiveCfg = Debug|Any CPU
		{DD1DF899-8D30-4AED-9BD7-6C1D15A3E68C}.Debug|Any CPU.Build.0 = Debug|Any CPU
		{DD1DF899-8D30-4AED-9BD7-6C1D15A3E68C}.Release|Any CPU.ActiveCfg = Release|Any CPU
		{DD1DF899-8D30-4AED-9BD7-6C1D15A3E68C}.Release|Any CPU.Build.0 = Release|Any CPU
		{0A1A7005-CA7E-41A1-8340-626742A0D3C5}.Debug|Any CPU.ActiveCfg = Debug|Any CPU
		{0A1A7005-CA7E-41A1-8340-626742A0D3C5}.Debug|Any CPU.Build.0 = Debug|Any CPU
		{0A1A7005-CA7E-41A1-8340-626742A0D3C5}.Release|Any CPU.ActiveCfg = Release|Any CPU
		{0A1A7005-CA7E-41A1-8340-626742A0D3C5}.Release|Any CPU.Build.0 = Release|Any CPU
	EndGlobalSection
	GlobalSection(SolutionProperties) = preSolution
		HideSolutionNode = FALSE
	EndGlobalSection
	GlobalSection(NestedProjects) = preSolution
		{CD961B92-658E-4EEC-B430-85665BAC1830} = {A98EA801-5CF3-4550-920B-F48963F4C123}
		{99F77839-75B5-4C90-9E5C-213DEB23D5DC} = {A98EA801-5CF3-4550-920B-F48963F4C123}
		{DD1DF899-8D30-4AED-9BD7-6C1D15A3E68C} = {A98EA801-5CF3-4550-920B-F48963F4C123}
		{0A1A7005-CA7E-41A1-8340-626742A0D3C5} = {A98EA801-5CF3-4550-920B-F48963F4C123}
	EndGlobalSection
	GlobalSection(ExtensibilityGlobals) = postSolution
		SolutionGuid = {C1E48754-E921-4FC3-8BF2-123D1E7112F4}
	EndGlobalSection
EndGlobal
