
Microsoft Visual Studio Solution File, Format Version 12.00
# Visual Studio Version 17
VisualStudioVersion = 17.6.33712.159
MinimumVisualStudioVersion = 10.0.40219.1
Project("{2150E333-8FDC-42A3-9474-1A3956D46DE8}") = "src", "src", "{E7C71D43-E72F-4926-BA68-9A8921111865}"
EndProject
Project("{2150E333-8FDC-42A3-9474-1A3956D46DE8}") = "solution-items", "solution-items", "{86C4F3E2-8DD6-4979-A911-EE2199D7DBF7}"
	ProjectSection(SolutionItems) = preProject
		README.md = README.md
		global.json = global.json
	EndProjectSection
EndProject
Project("{2150E333-8FDC-42A3-9474-1A3956D46DE8}") = "tests", "tests", "{2FCDE163-B192-46E2-8998-5FB233A01C5C}"
EndProject
Project("{2150E333-8FDC-42A3-9474-1A3956D46DE8}") = "core", "core", "{4F380ACC-1B2B-4D8A-8DA3-7AA41242C2E7}"
EndProject
Project("{2150E333-8FDC-42A3-9474-1A3956D46DE8}") = "services", "services", "{439FFFD6-2047-4602-809F-005D2916F718}"
EndProject
Project("{2150E333-8FDC-42A3-9474-1A3956D46DE8}") = "apps", "apps", "{6FA858C3-D738-476B-B5ED-475D83CF5ECB}"
EndProject
Project("{2150E333-8FDC-42A3-9474-1A3956D46DE8}") = "apps", "apps", "{49702A0E-286C-4700-AC99-C5841C224E00}"
EndProject
Project("{2150E333-8FDC-42A3-9474-1A3956D46DE8}") = "core", "core", "{99B74B76-F318-46E4-8114-B963CB6B640C}"
EndProject
Project("{2150E333-8FDC-42A3-9474-1A3956D46DE8}") = "services", "services", "{1BA394BE-9EED-4015-8C54-A17F0716E8FA}"
EndProject
Project("{2150E333-8FDC-42A3-9474-1A3956D46DE8}") = "helpers", "helpers", "{7E1B3640-7EED-45EA-B410-882F803F6A00}"
EndProject
Project("{FAE04EC0-301F-11D3-BF4B-00C04F79EFBC}") = "Odin.Core", "src\core\Odin.Core\Odin.Core.csproj", "{25BE479D-9311-495F-9711-9C2B17CE9EB7}"
EndProject
Project("{FAE04EC0-301F-11D3-BF4B-00C04F79EFBC}") = "Odin.Core.Cryptography", "src\core\Odin.Core.Cryptography\Odin.Core.Cryptography.csproj", "{8F4C7A2A-9D76-4BF5-9D16-4CFADAC89F2D}"
EndProject
Project("{FAE04EC0-301F-11D3-BF4B-00C04F79EFBC}") = "Odin.Core.Storage", "src\core\Odin.Core.Storage\Odin.Core.Storage.csproj", "{EB8FD81B-E8F6-402F-8AF4-14315F8B32B2}"
EndProject
Project("{FAE04EC0-301F-11D3-BF4B-00C04F79EFBC}") = "Odin.Services", "src\services\Odin.Services\Odin.Services.csproj", "{808E0023-DEC8-4098-8240-287D65C8C458}"
EndProject
Project("{FAE04EC0-301F-11D3-BF4B-00C04F79EFBC}") = "Odin.Hosting", "src\apps\Odin.Hosting\Odin.Hosting.csproj", "{DF1CF9B6-E1DD-42BE-B680-42ECB483DA26}"
EndProject
Project("{FAE04EC0-301F-11D3-BF4B-00C04F79EFBC}") = "WaitingListApi", "src\apps\WaitingListApi\WaitingListApi.csproj", "{A28F720D-A147-4BB5-B4E1-1D1937DE9478}"
EndProject
Project("{FAE04EC0-301F-11D3-BF4B-00C04F79EFBC}") = "Odin.Notarius", "src\apps\Odin.Notarius\Odin.Notarius.csproj", "{AEFF4B34-AE57-4319-BBC2-75F8C1EE1265}"
EndProject
Project("{FAE04EC0-301F-11D3-BF4B-00C04F79EFBC}") = "Odin.KeyChain", "src\apps\Odin.KeyChain\Odin.KeyChain.csproj", "{6935CF2B-7D9C-4E36-8FA6-397155765D7D}"
EndProject
Project("{FAE04EC0-301F-11D3-BF4B-00C04F79EFBC}") = "Odin.Cli", "src\apps\Odin.Cli\Odin.Cli.csproj", "{F19329D7-E475-40CF-AEBE-6DB2AE6F1351}"
EndProject
Project("{FAE04EC0-301F-11D3-BF4B-00C04F79EFBC}") = "Odin.Attestation", "src\apps\Odin.Attestation\Odin.Attestation.csproj", "{BBA87A99-3BF1-470F-9064-5EBDADD95A72}"
EndProject
Project("{FAE04EC0-301F-11D3-BF4B-00C04F79EFBC}") = "YouAuthClientReferenceImplementation", "src\apps\YouAuthClientReferenceImplementation\YouAuthClientReferenceImplementation.csproj", "{3002CBE8-802F-483A-AA8B-8FF23D152B00}"
EndProject
Project("{FAE04EC0-301F-11D3-BF4B-00C04F79EFBC}") = "Odin.Core.Tests", "tests\core\Odin.Core.Tests\Odin.Core.Tests.csproj", "{744D87E3-B1C3-4F4C-BEF9-BA6D78C23E21}"
EndProject
Project("{FAE04EC0-301F-11D3-BF4B-00C04F79EFBC}") = "Odin.Test.Helpers", "tests\helpers\Odin.Test.Helpers\Odin.Test.Helpers.csproj", "{7A7E8118-7FAA-4B37-A705-EFCD71DE145D}"
EndProject
Project("{FAE04EC0-301F-11D3-BF4B-00C04F79EFBC}") = "Odin.Core.Storage.Tests", "tests\core\Odin.Core.Storage.Tests\Odin.Core.Storage.Tests.csproj", "{C97FED18-22D7-4E03-A217-04635D838406}"
EndProject
Project("{FAE04EC0-301F-11D3-BF4B-00C04F79EFBC}") = "Odin.Core.Cryptography.Tests", "tests\core\Odin.Core.Cryptography.Tests\Odin.Core.Cryptography.Tests.csproj", "{53DF7B34-458C-4169-9610-5F88F8DF4717}"
EndProject
Project("{FAE04EC0-301F-11D3-BF4B-00C04F79EFBC}") = "Odin.Services.Tests", "tests\services\Odin.Services.Tests\Odin.Services.Tests.csproj", "{BA647B99-791C-4D16-BAF1-BC76FFEE3E12}"
EndProject
Project("{FAE04EC0-301F-11D3-BF4B-00C04F79EFBC}") = "Odin.Hosting.Tests", "tests\apps\Odin.Hosting.Tests\Odin.Hosting.Tests.csproj", "{3FE64F07-B141-4F71-8ED1-B8393B6A16F9}"
EndProject
Project("{FAE04EC0-301F-11D3-BF4B-00C04F79EFBC}") = "Odin.NotariusTests", "tests\apps\Odin.NotariusTests\Odin.NotariusTests.csproj", "{998C3929-8234-42BE-BCB1-D7A6F7283525}"
EndProject
Project("{FAE04EC0-301F-11D3-BF4B-00C04F79EFBC}") = "Odin.KeyChainTests", "tests\apps\Odin.KeyChainTests\Odin.KeyChainTests.csproj", "{6E47B9D2-3926-4A2C-B0B1-A0298BB1D0D0}"
EndProject
Project("{FAE04EC0-301F-11D3-BF4B-00C04F79EFBC}") = "Odin.PushNotification", "src\apps\Odin.PushNotification\Odin.PushNotification.csproj", "{1640966F-E7C2-4ED0-BC65-7E595057A2E6}"
EndProject
Project("{FAE04EC0-301F-11D3-BF4B-00C04F79EFBC}") = "Odin.PushNotification.Tests", "tests\apps\Odin.PushNotification.Tests\Odin.PushNotification.Tests.csproj", "{EE9428D3-1BBD-4E81-9EB2-0CC75716D630}"
EndProject
Project("{FAE04EC0-301F-11D3-BF4B-00C04F79EFBC}") = "Odin.SetupHelper", "src\apps\Odin.SetupHelper\Odin.SetupHelper.csproj", "{6EF6F818-5D83-4892-B94D-A2EA62B8FB48}"
EndProject
Project("{FAE04EC0-301F-11D3-BF4B-00C04F79EFBC}") = "Odin.SetupHelper.Tests", "tests\apps\Odin.SetupHelper.Tests\Odin.SetupHelper.Tests.csproj", "{61F2E98E-8E36-4E62-93F4-25271508F804}"
EndProject
Global
	GlobalSection(SolutionConfigurationPlatforms) = preSolution
		Debug|Any CPU = Debug|Any CPU
		Release|Any CPU = Release|Any CPU
	EndGlobalSection
	GlobalSection(ProjectConfigurationPlatforms) = postSolution
		{25BE479D-9311-495F-9711-9C2B17CE9EB7}.Debug|Any CPU.ActiveCfg = Debug|Any CPU
		{25BE479D-9311-495F-9711-9C2B17CE9EB7}.Debug|Any CPU.Build.0 = Debug|Any CPU
		{25BE479D-9311-495F-9711-9C2B17CE9EB7}.Release|Any CPU.ActiveCfg = Release|Any CPU
		{25BE479D-9311-495F-9711-9C2B17CE9EB7}.Release|Any CPU.Build.0 = Release|Any CPU
		{8F4C7A2A-9D76-4BF5-9D16-4CFADAC89F2D}.Debug|Any CPU.ActiveCfg = Debug|Any CPU
		{8F4C7A2A-9D76-4BF5-9D16-4CFADAC89F2D}.Debug|Any CPU.Build.0 = Debug|Any CPU
		{8F4C7A2A-9D76-4BF5-9D16-4CFADAC89F2D}.Release|Any CPU.ActiveCfg = Release|Any CPU
		{8F4C7A2A-9D76-4BF5-9D16-4CFADAC89F2D}.Release|Any CPU.Build.0 = Release|Any CPU
		{EB8FD81B-E8F6-402F-8AF4-14315F8B32B2}.Debug|Any CPU.ActiveCfg = Debug|Any CPU
		{EB8FD81B-E8F6-402F-8AF4-14315F8B32B2}.Debug|Any CPU.Build.0 = Debug|Any CPU
		{EB8FD81B-E8F6-402F-8AF4-14315F8B32B2}.Release|Any CPU.ActiveCfg = Release|Any CPU
		{EB8FD81B-E8F6-402F-8AF4-14315F8B32B2}.Release|Any CPU.Build.0 = Release|Any CPU
		{808E0023-DEC8-4098-8240-287D65C8C458}.Debug|Any CPU.ActiveCfg = Debug|Any CPU
		{808E0023-DEC8-4098-8240-287D65C8C458}.Debug|Any CPU.Build.0 = Debug|Any CPU
		{808E0023-DEC8-4098-8240-287D65C8C458}.Release|Any CPU.ActiveCfg = Release|Any CPU
		{808E0023-DEC8-4098-8240-287D65C8C458}.Release|Any CPU.Build.0 = Release|Any CPU
		{DF1CF9B6-E1DD-42BE-B680-42ECB483DA26}.Debug|Any CPU.ActiveCfg = Debug|Any CPU
		{DF1CF9B6-E1DD-42BE-B680-42ECB483DA26}.Debug|Any CPU.Build.0 = Debug|Any CPU
		{DF1CF9B6-E1DD-42BE-B680-42ECB483DA26}.Release|Any CPU.ActiveCfg = Release|Any CPU
		{DF1CF9B6-E1DD-42BE-B680-42ECB483DA26}.Release|Any CPU.Build.0 = Release|Any CPU
		{A28F720D-A147-4BB5-B4E1-1D1937DE9478}.Debug|Any CPU.ActiveCfg = Debug|Any CPU
		{A28F720D-A147-4BB5-B4E1-1D1937DE9478}.Debug|Any CPU.Build.0 = Debug|Any CPU
		{A28F720D-A147-4BB5-B4E1-1D1937DE9478}.Release|Any CPU.ActiveCfg = Release|Any CPU
		{A28F720D-A147-4BB5-B4E1-1D1937DE9478}.Release|Any CPU.Build.0 = Release|Any CPU
		{AEFF4B34-AE57-4319-BBC2-75F8C1EE1265}.Debug|Any CPU.ActiveCfg = Debug|Any CPU
		{AEFF4B34-AE57-4319-BBC2-75F8C1EE1265}.Debug|Any CPU.Build.0 = Debug|Any CPU
		{AEFF4B34-AE57-4319-BBC2-75F8C1EE1265}.Release|Any CPU.ActiveCfg = Release|Any CPU
		{AEFF4B34-AE57-4319-BBC2-75F8C1EE1265}.Release|Any CPU.Build.0 = Release|Any CPU
		{6935CF2B-7D9C-4E36-8FA6-397155765D7D}.Debug|Any CPU.ActiveCfg = Debug|Any CPU
		{6935CF2B-7D9C-4E36-8FA6-397155765D7D}.Debug|Any CPU.Build.0 = Debug|Any CPU
		{6935CF2B-7D9C-4E36-8FA6-397155765D7D}.Release|Any CPU.ActiveCfg = Release|Any CPU
		{6935CF2B-7D9C-4E36-8FA6-397155765D7D}.Release|Any CPU.Build.0 = Release|Any CPU
		{F19329D7-E475-40CF-AEBE-6DB2AE6F1351}.Debug|Any CPU.ActiveCfg = Debug|Any CPU
		{F19329D7-E475-40CF-AEBE-6DB2AE6F1351}.Debug|Any CPU.Build.0 = Debug|Any CPU
		{F19329D7-E475-40CF-AEBE-6DB2AE6F1351}.Release|Any CPU.ActiveCfg = Release|Any CPU
		{F19329D7-E475-40CF-AEBE-6DB2AE6F1351}.Release|Any CPU.Build.0 = Release|Any CPU
		{BBA87A99-3BF1-470F-9064-5EBDADD95A72}.Debug|Any CPU.ActiveCfg = Debug|Any CPU
		{BBA87A99-3BF1-470F-9064-5EBDADD95A72}.Debug|Any CPU.Build.0 = Debug|Any CPU
		{BBA87A99-3BF1-470F-9064-5EBDADD95A72}.Release|Any CPU.ActiveCfg = Release|Any CPU
		{BBA87A99-3BF1-470F-9064-5EBDADD95A72}.Release|Any CPU.Build.0 = Release|Any CPU
		{3002CBE8-802F-483A-AA8B-8FF23D152B00}.Debug|Any CPU.ActiveCfg = Debug|Any CPU
		{3002CBE8-802F-483A-AA8B-8FF23D152B00}.Debug|Any CPU.Build.0 = Debug|Any CPU
		{3002CBE8-802F-483A-AA8B-8FF23D152B00}.Release|Any CPU.ActiveCfg = Release|Any CPU
		{3002CBE8-802F-483A-AA8B-8FF23D152B00}.Release|Any CPU.Build.0 = Release|Any CPU
		{744D87E3-B1C3-4F4C-BEF9-BA6D78C23E21}.Debug|Any CPU.ActiveCfg = Debug|Any CPU
		{744D87E3-B1C3-4F4C-BEF9-BA6D78C23E21}.Debug|Any CPU.Build.0 = Debug|Any CPU
		{744D87E3-B1C3-4F4C-BEF9-BA6D78C23E21}.Release|Any CPU.ActiveCfg = Release|Any CPU
		{744D87E3-B1C3-4F4C-BEF9-BA6D78C23E21}.Release|Any CPU.Build.0 = Release|Any CPU
		{7A7E8118-7FAA-4B37-A705-EFCD71DE145D}.Debug|Any CPU.ActiveCfg = Debug|Any CPU
		{7A7E8118-7FAA-4B37-A705-EFCD71DE145D}.Debug|Any CPU.Build.0 = Debug|Any CPU
		{7A7E8118-7FAA-4B37-A705-EFCD71DE145D}.Release|Any CPU.ActiveCfg = Release|Any CPU
		{7A7E8118-7FAA-4B37-A705-EFCD71DE145D}.Release|Any CPU.Build.0 = Release|Any CPU
		{C97FED18-22D7-4E03-A217-04635D838406}.Debug|Any CPU.ActiveCfg = Debug|Any CPU
		{C97FED18-22D7-4E03-A217-04635D838406}.Debug|Any CPU.Build.0 = Debug|Any CPU
		{C97FED18-22D7-4E03-A217-04635D838406}.Release|Any CPU.ActiveCfg = Release|Any CPU
		{C97FED18-22D7-4E03-A217-04635D838406}.Release|Any CPU.Build.0 = Release|Any CPU
		{53DF7B34-458C-4169-9610-5F88F8DF4717}.Debug|Any CPU.ActiveCfg = Debug|Any CPU
		{53DF7B34-458C-4169-9610-5F88F8DF4717}.Debug|Any CPU.Build.0 = Debug|Any CPU
		{53DF7B34-458C-4169-9610-5F88F8DF4717}.Release|Any CPU.ActiveCfg = Release|Any CPU
		{53DF7B34-458C-4169-9610-5F88F8DF4717}.Release|Any CPU.Build.0 = Release|Any CPU
		{BA647B99-791C-4D16-BAF1-BC76FFEE3E12}.Debug|Any CPU.ActiveCfg = Debug|Any CPU
		{BA647B99-791C-4D16-BAF1-BC76FFEE3E12}.Debug|Any CPU.Build.0 = Debug|Any CPU
		{BA647B99-791C-4D16-BAF1-BC76FFEE3E12}.Release|Any CPU.ActiveCfg = Release|Any CPU
		{BA647B99-791C-4D16-BAF1-BC76FFEE3E12}.Release|Any CPU.Build.0 = Release|Any CPU
		{3FE64F07-B141-4F71-8ED1-B8393B6A16F9}.Debug|Any CPU.ActiveCfg = Debug|Any CPU
		{3FE64F07-B141-4F71-8ED1-B8393B6A16F9}.Debug|Any CPU.Build.0 = Debug|Any CPU
		{3FE64F07-B141-4F71-8ED1-B8393B6A16F9}.Release|Any CPU.ActiveCfg = Release|Any CPU
		{3FE64F07-B141-4F71-8ED1-B8393B6A16F9}.Release|Any CPU.Build.0 = Release|Any CPU
		{998C3929-8234-42BE-BCB1-D7A6F7283525}.Debug|Any CPU.ActiveCfg = Debug|Any CPU
		{998C3929-8234-42BE-BCB1-D7A6F7283525}.Debug|Any CPU.Build.0 = Debug|Any CPU
		{998C3929-8234-42BE-BCB1-D7A6F7283525}.Release|Any CPU.ActiveCfg = Release|Any CPU
		{998C3929-8234-42BE-BCB1-D7A6F7283525}.Release|Any CPU.Build.0 = Release|Any CPU
		{6E47B9D2-3926-4A2C-B0B1-A0298BB1D0D0}.Debug|Any CPU.ActiveCfg = Debug|Any CPU
		{6E47B9D2-3926-4A2C-B0B1-A0298BB1D0D0}.Debug|Any CPU.Build.0 = Debug|Any CPU
		{6E47B9D2-3926-4A2C-B0B1-A0298BB1D0D0}.Release|Any CPU.ActiveCfg = Release|Any CPU
		{6E47B9D2-3926-4A2C-B0B1-A0298BB1D0D0}.Release|Any CPU.Build.0 = Release|Any CPU
		{1640966F-E7C2-4ED0-BC65-7E595057A2E6}.Debug|Any CPU.ActiveCfg = Debug|Any CPU
		{1640966F-E7C2-4ED0-BC65-7E595057A2E6}.Debug|Any CPU.Build.0 = Debug|Any CPU
		{1640966F-E7C2-4ED0-BC65-7E595057A2E6}.Release|Any CPU.ActiveCfg = Release|Any CPU
		{1640966F-E7C2-4ED0-BC65-7E595057A2E6}.Release|Any CPU.Build.0 = Release|Any CPU
		{EE9428D3-1BBD-4E81-9EB2-0CC75716D630}.Debug|Any CPU.ActiveCfg = Debug|Any CPU
		{EE9428D3-1BBD-4E81-9EB2-0CC75716D630}.Debug|Any CPU.Build.0 = Debug|Any CPU
		{EE9428D3-1BBD-4E81-9EB2-0CC75716D630}.Release|Any CPU.ActiveCfg = Release|Any CPU
		{EE9428D3-1BBD-4E81-9EB2-0CC75716D630}.Release|Any CPU.Build.0 = Release|Any CPU
		{6EF6F818-5D83-4892-B94D-A2EA62B8FB48}.Debug|Any CPU.ActiveCfg = Debug|Any CPU
		{6EF6F818-5D83-4892-B94D-A2EA62B8FB48}.Debug|Any CPU.Build.0 = Debug|Any CPU
		{6EF6F818-5D83-4892-B94D-A2EA62B8FB48}.Release|Any CPU.ActiveCfg = Release|Any CPU
		{6EF6F818-5D83-4892-B94D-A2EA62B8FB48}.Release|Any CPU.Build.0 = Release|Any CPU
		{61F2E98E-8E36-4E62-93F4-25271508F804}.Debug|Any CPU.ActiveCfg = Debug|Any CPU
		{61F2E98E-8E36-4E62-93F4-25271508F804}.Debug|Any CPU.Build.0 = Debug|Any CPU
		{61F2E98E-8E36-4E62-93F4-25271508F804}.Release|Any CPU.ActiveCfg = Release|Any CPU
		{61F2E98E-8E36-4E62-93F4-25271508F804}.Release|Any CPU.Build.0 = Release|Any CPU
	EndGlobalSection
	GlobalSection(SolutionProperties) = preSolution
		HideSolutionNode = FALSE
	EndGlobalSection
	GlobalSection(NestedProjects) = preSolution
		{4F380ACC-1B2B-4D8A-8DA3-7AA41242C2E7} = {E7C71D43-E72F-4926-BA68-9A8921111865}
		{439FFFD6-2047-4602-809F-005D2916F718} = {E7C71D43-E72F-4926-BA68-9A8921111865}
		{6FA858C3-D738-476B-B5ED-475D83CF5ECB} = {E7C71D43-E72F-4926-BA68-9A8921111865}
		{49702A0E-286C-4700-AC99-C5841C224E00} = {2FCDE163-B192-46E2-8998-5FB233A01C5C}
		{99B74B76-F318-46E4-8114-B963CB6B640C} = {2FCDE163-B192-46E2-8998-5FB233A01C5C}
		{1BA394BE-9EED-4015-8C54-A17F0716E8FA} = {2FCDE163-B192-46E2-8998-5FB233A01C5C}
		{7E1B3640-7EED-45EA-B410-882F803F6A00} = {2FCDE163-B192-46E2-8998-5FB233A01C5C}
		{25BE479D-9311-495F-9711-9C2B17CE9EB7} = {4F380ACC-1B2B-4D8A-8DA3-7AA41242C2E7}
		{8F4C7A2A-9D76-4BF5-9D16-4CFADAC89F2D} = {4F380ACC-1B2B-4D8A-8DA3-7AA41242C2E7}
		{EB8FD81B-E8F6-402F-8AF4-14315F8B32B2} = {4F380ACC-1B2B-4D8A-8DA3-7AA41242C2E7}
		{808E0023-DEC8-4098-8240-287D65C8C458} = {439FFFD6-2047-4602-809F-005D2916F718}
		{DF1CF9B6-E1DD-42BE-B680-42ECB483DA26} = {6FA858C3-D738-476B-B5ED-475D83CF5ECB}
		{A28F720D-A147-4BB5-B4E1-1D1937DE9478} = {6FA858C3-D738-476B-B5ED-475D83CF5ECB}
		{AEFF4B34-AE57-4319-BBC2-75F8C1EE1265} = {6FA858C3-D738-476B-B5ED-475D83CF5ECB}
		{6935CF2B-7D9C-4E36-8FA6-397155765D7D} = {6FA858C3-D738-476B-B5ED-475D83CF5ECB}
		{F19329D7-E475-40CF-AEBE-6DB2AE6F1351} = {6FA858C3-D738-476B-B5ED-475D83CF5ECB}
		{BBA87A99-3BF1-470F-9064-5EBDADD95A72} = {6FA858C3-D738-476B-B5ED-475D83CF5ECB}
		{3002CBE8-802F-483A-AA8B-8FF23D152B00} = {6FA858C3-D738-476B-B5ED-475D83CF5ECB}
		{744D87E3-B1C3-4F4C-BEF9-BA6D78C23E21} = {99B74B76-F318-46E4-8114-B963CB6B640C}
		{7A7E8118-7FAA-4B37-A705-EFCD71DE145D} = {7E1B3640-7EED-45EA-B410-882F803F6A00}
		{C97FED18-22D7-4E03-A217-04635D838406} = {99B74B76-F318-46E4-8114-B963CB6B640C}
		{53DF7B34-458C-4169-9610-5F88F8DF4717} = {99B74B76-F318-46E4-8114-B963CB6B640C}
		{BA647B99-791C-4D16-BAF1-BC76FFEE3E12} = {1BA394BE-9EED-4015-8C54-A17F0716E8FA}
		{3FE64F07-B141-4F71-8ED1-B8393B6A16F9} = {49702A0E-286C-4700-AC99-C5841C224E00}
		{998C3929-8234-42BE-BCB1-D7A6F7283525} = {49702A0E-286C-4700-AC99-C5841C224E00}
		{6E47B9D2-3926-4A2C-B0B1-A0298BB1D0D0} = {49702A0E-286C-4700-AC99-C5841C224E00}
		{1640966F-E7C2-4ED0-BC65-7E595057A2E6} = {6FA858C3-D738-476B-B5ED-475D83CF5ECB}
		{EE9428D3-1BBD-4E81-9EB2-0CC75716D630} = {49702A0E-286C-4700-AC99-C5841C224E00}
		{6EF6F818-5D83-4892-B94D-A2EA62B8FB48} = {6FA858C3-D738-476B-B5ED-475D83CF5ECB}
		{61F2E98E-8E36-4E62-93F4-25271508F804} = {49702A0E-286C-4700-AC99-C5841C224E00}
	EndGlobalSection
	GlobalSection(ExtensibilityGlobals) = postSolution
		SolutionGuid = {C1E48754-E921-4FC3-8BF2-123D1E7112F4}
	EndGlobalSection
EndGlobal
