
Microsoft Visual Studio Solution File, Format Version 12.00
# Visual Studio Version 17
VisualStudioVersion = 17.6.33712.159
MinimumVisualStudioVersion = 10.0.40219.1
Project("{9A19103F-16F7-4668-BE54-9A1E7A4F7556}") = "Odin.Core.Services", "Odin.Core.Services\Odin.Core.Services.csproj", "{6BCBC06F-E07B-4952-9A63-832F26B0891B}"
EndProject
Project("{9A19103F-16F7-4668-BE54-9A1E7A4F7556}") = "Odin.Hosting", "Odin.Hosting\Odin.Hosting.csproj", "{BC28F7AF-BD57-4137-9629-716E5A1DC2E9}"
EndProject
Project("{2150E333-8FDC-42A3-9474-1A3956D46DE8}") = "Tests", "Tests", "{A98EA801-5CF3-4550-920B-F48963F4C123}"
EndProject
Project("{9A19103F-16F7-4668-BE54-9A1E7A4F7556}") = "Odin.Hosting.Tests", "Tests\Odin.Hosting.Tests\Odin.Hosting.Tests.csproj", "{CD961B92-658E-4EEC-B430-85665BAC1830}"
EndProject
Project("{2150E333-8FDC-42A3-9474-1A3956D46DE8}") = "Docs", "Docs", "{8FEEC708-FFA8-4CAD-9C24-597F28ADBB9B}"
	ProjectSection(SolutionItems) = preProject
		..\README.md = ..\README.md
	EndProjectSection
EndProject
Project("{9A19103F-16F7-4668-BE54-9A1E7A4F7556}") = "Odin.Core.Services.Background", "Odin.Core.Services.Background\Odin.Core.Services.Background.csproj", "{C521E36F-8DCC-413E-BBC4-BBEA8A8763C4}"
EndProject
Project("{9A19103F-16F7-4668-BE54-9A1E7A4F7556}") = "Odin.Core.Services.Tests", "Tests\Odin.Core.Services.Tests\Odin.Core.Services.Tests.csproj", "{1F5F88D2-3F0C-4147-927F-5646AC79A65D}"
EndProject
Project("{9A19103F-16F7-4668-BE54-9A1E7A4F7556}") = "WaitingListApi", "WaitingListApi\WaitingListApi.csproj", "{B5EB26BB-C63E-4707-B60D-92DFDFC53255}"
EndProject
Project("{9A19103F-16F7-4668-BE54-9A1E7A4F7556}") = "Odin.KeyChain", "Odin.KeyChain\Odin.KeyChain.csproj", "{484E8E87-BDA8-4A39-834E-0688E756DCA9}"
EndProject
Project("{9A19103F-16F7-4668-BE54-9A1E7A4F7556}") = "Odin.Attestation.Service", "Odin.Attestation.Service\Odin.Attestation.Service.csproj", "{D81FEA2B-4137-446A-8346-28CD9CE7251A}"
EndProject
Project("{2150E333-8FDC-42A3-9474-1A3956D46DE8}") = "Misc", "Misc", "{BC75A940-26CF-43F1-BAA2-846A6BCE52DC}"
EndProject
Project("{FAE04EC0-301F-11D3-BF4B-00C04F79EFBC}") = "YouAuthClientReferenceImplementation", "Misc\YouAuthClientReferenceImplementation\YouAuthClientReferenceImplementation.csproj", "{4CF10B0B-52CC-4ED3-A240-189935DF4291}"
EndProject
Project("{9A19103F-16F7-4668-BE54-9A1E7A4F7556}") = "Odin.Notarius", "Odin.Notarius\Odin.Notarius.csproj", "{D5A27EF6-2412-43E0-B253-2CAA797EC0C0}"
EndProject
Project("{9A19103F-16F7-4668-BE54-9A1E7A4F7556}") = "Odin.NotariusTests", "Tests\Odin.NotariusTests\Odin.NotariusTests.csproj", "{75E056F3-AC4C-419F-869A-5A1ED298DA9C}"
EndProject
Project("{9A19103F-16F7-4668-BE54-9A1E7A4F7556}") = "Odin.KeyChainTests", "Tests\Odin.KeyChainTests\Odin.KeyChainTests.csproj", "{FEF2E49A-6C56-40FD-8C86-96A205EBF1FD}"
EndProject
Project("{FAE04EC0-301F-11D3-BF4B-00C04F79EFBC}") = "Odin.Cli", "Odin.Cli\Odin.Cli.csproj", "{3BDB0866-FD1E-4918-9417-1016CD4DA1E7}"
EndProject
Project("{FAE04EC0-301F-11D3-BF4B-00C04F79EFBC}") = "Odin.Test.Helpers", "Tests\Odin.Test.Helpers\Odin.Test.Helpers.csproj", "{313CC64E-430A-48ED-BFA9-16DE2C747CCD}"
EndProject
Project("{FAE04EC0-301F-11D3-BF4B-00C04F79EFBC}") = "Odin.Core", "Odin.Core\Odin.Core.csproj", "{DB435A39-18CA-4710-A3BF-7F9E795AE656}"
EndProject
Project("{FAE04EC0-301F-11D3-BF4B-00C04F79EFBC}") = "Odin.Core.Cryptography", "Odin.Core.Cryptography\Odin.Core.Cryptography.csproj", "{FE2A6190-96D5-4825-BDF7-8A8FD1BB9260}"
EndProject
Project("{FAE04EC0-301F-11D3-BF4B-00C04F79EFBC}") = "Odin.Core.Storage", "Odin.Core.Storage\Odin.Core.Storage.csproj", "{552E7D11-065E-4B72-9C8A-2601551D08F9}"
EndProject
Project("{FAE04EC0-301F-11D3-BF4B-00C04F79EFBC}") = "Odin.Core.Cryptography.Tests", "Tests\Odin.Core.Cryptography.Tests\Odin.Core.Cryptography.Tests.csproj", "{18909A1B-BC8E-4E61-868E-2263A75C3328}"
EndProject
Project("{FAE04EC0-301F-11D3-BF4B-00C04F79EFBC}") = "Odin.Core.Storage.Tests", "Tests\Odin.Core.Storage.Tests\Odin.Core.Storage.Tests.csproj", "{059D44E3-8F26-471D-8461-2CE03D13BE6C}"
EndProject
Project("{FAE04EC0-301F-11D3-BF4B-00C04F79EFBC}") = "Odin.Core.Tests", "Tests\Odin.Core.Tests\Odin.Core.Tests.csproj", "{CE4C9D66-EC33-4ED1-A9B5-FACE260C9B24}"
EndProject
Project("{FAE04EC0-301F-11D3-BF4B-00C04F79EFBC}") = "DbUpgrade2", "Misc\DbUpgrade2\DbUpgrade2.csproj", "{B893A84E-6BDD-48BE-9249-2D3404FF0C9A}"
EndProject
Global
	GlobalSection(SolutionConfigurationPlatforms) = preSolution
		Debug|Any CPU = Debug|Any CPU
		Release|Any CPU = Release|Any CPU
	EndGlobalSection
	GlobalSection(ProjectConfigurationPlatforms) = postSolution
		{6BCBC06F-E07B-4952-9A63-832F26B0891B}.Debug|Any CPU.ActiveCfg = Debug|Any CPU
		{6BCBC06F-E07B-4952-9A63-832F26B0891B}.Debug|Any CPU.Build.0 = Debug|Any CPU
		{6BCBC06F-E07B-4952-9A63-832F26B0891B}.Release|Any CPU.ActiveCfg = Release|Any CPU
		{6BCBC06F-E07B-4952-9A63-832F26B0891B}.Release|Any CPU.Build.0 = Release|Any CPU
		{BC28F7AF-BD57-4137-9629-716E5A1DC2E9}.Debug|Any CPU.ActiveCfg = Debug|Any CPU
		{BC28F7AF-BD57-4137-9629-716E5A1DC2E9}.Debug|Any CPU.Build.0 = Debug|Any CPU
		{BC28F7AF-BD57-4137-9629-716E5A1DC2E9}.Release|Any CPU.ActiveCfg = Release|Any CPU
		{BC28F7AF-BD57-4137-9629-716E5A1DC2E9}.Release|Any CPU.Build.0 = Release|Any CPU
		{CD961B92-658E-4EEC-B430-85665BAC1830}.Debug|Any CPU.ActiveCfg = Debug|Any CPU
		{CD961B92-658E-4EEC-B430-85665BAC1830}.Debug|Any CPU.Build.0 = Debug|Any CPU
		{CD961B92-658E-4EEC-B430-85665BAC1830}.Release|Any CPU.ActiveCfg = Release|Any CPU
		{CD961B92-658E-4EEC-B430-85665BAC1830}.Release|Any CPU.Build.0 = Release|Any CPU
		{C521E36F-8DCC-413E-BBC4-BBEA8A8763C4}.Debug|Any CPU.ActiveCfg = Debug|Any CPU
		{C521E36F-8DCC-413E-BBC4-BBEA8A8763C4}.Debug|Any CPU.Build.0 = Debug|Any CPU
		{C521E36F-8DCC-413E-BBC4-BBEA8A8763C4}.Release|Any CPU.ActiveCfg = Release|Any CPU
		{C521E36F-8DCC-413E-BBC4-BBEA8A8763C4}.Release|Any CPU.Build.0 = Release|Any CPU
		{1F5F88D2-3F0C-4147-927F-5646AC79A65D}.Debug|Any CPU.ActiveCfg = Debug|Any CPU
		{1F5F88D2-3F0C-4147-927F-5646AC79A65D}.Debug|Any CPU.Build.0 = Debug|Any CPU
		{1F5F88D2-3F0C-4147-927F-5646AC79A65D}.Release|Any CPU.ActiveCfg = Release|Any CPU
		{1F5F88D2-3F0C-4147-927F-5646AC79A65D}.Release|Any CPU.Build.0 = Release|Any CPU
		{B5EB26BB-C63E-4707-B60D-92DFDFC53255}.Debug|Any CPU.ActiveCfg = Debug|Any CPU
		{B5EB26BB-C63E-4707-B60D-92DFDFC53255}.Debug|Any CPU.Build.0 = Debug|Any CPU
		{B5EB26BB-C63E-4707-B60D-92DFDFC53255}.Release|Any CPU.ActiveCfg = Release|Any CPU
		{B5EB26BB-C63E-4707-B60D-92DFDFC53255}.Release|Any CPU.Build.0 = Release|Any CPU
		{484E8E87-BDA8-4A39-834E-0688E756DCA9}.Debug|Any CPU.ActiveCfg = Debug|Any CPU
		{484E8E87-BDA8-4A39-834E-0688E756DCA9}.Debug|Any CPU.Build.0 = Debug|Any CPU
		{484E8E87-BDA8-4A39-834E-0688E756DCA9}.Release|Any CPU.ActiveCfg = Release|Any CPU
		{484E8E87-BDA8-4A39-834E-0688E756DCA9}.Release|Any CPU.Build.0 = Release|Any CPU
		{D81FEA2B-4137-446A-8346-28CD9CE7251A}.Debug|Any CPU.ActiveCfg = Debug|Any CPU
		{D81FEA2B-4137-446A-8346-28CD9CE7251A}.Debug|Any CPU.Build.0 = Debug|Any CPU
		{D81FEA2B-4137-446A-8346-28CD9CE7251A}.Release|Any CPU.ActiveCfg = Release|Any CPU
		{D81FEA2B-4137-446A-8346-28CD9CE7251A}.Release|Any CPU.Build.0 = Release|Any CPU
		{4CF10B0B-52CC-4ED3-A240-189935DF4291}.Debug|Any CPU.ActiveCfg = Debug|Any CPU
		{4CF10B0B-52CC-4ED3-A240-189935DF4291}.Debug|Any CPU.Build.0 = Debug|Any CPU
		{4CF10B0B-52CC-4ED3-A240-189935DF4291}.Release|Any CPU.ActiveCfg = Release|Any CPU
		{4CF10B0B-52CC-4ED3-A240-189935DF4291}.Release|Any CPU.Build.0 = Release|Any CPU
		{D5A27EF6-2412-43E0-B253-2CAA797EC0C0}.Debug|Any CPU.ActiveCfg = Debug|Any CPU
		{D5A27EF6-2412-43E0-B253-2CAA797EC0C0}.Debug|Any CPU.Build.0 = Debug|Any CPU
		{D5A27EF6-2412-43E0-B253-2CAA797EC0C0}.Release|Any CPU.ActiveCfg = Release|Any CPU
		{D5A27EF6-2412-43E0-B253-2CAA797EC0C0}.Release|Any CPU.Build.0 = Release|Any CPU
		{75E056F3-AC4C-419F-869A-5A1ED298DA9C}.Debug|Any CPU.ActiveCfg = Debug|Any CPU
		{75E056F3-AC4C-419F-869A-5A1ED298DA9C}.Debug|Any CPU.Build.0 = Debug|Any CPU
		{75E056F3-AC4C-419F-869A-5A1ED298DA9C}.Release|Any CPU.ActiveCfg = Release|Any CPU
		{75E056F3-AC4C-419F-869A-5A1ED298DA9C}.Release|Any CPU.Build.0 = Release|Any CPU
		{FEF2E49A-6C56-40FD-8C86-96A205EBF1FD}.Debug|Any CPU.ActiveCfg = Debug|Any CPU
		{FEF2E49A-6C56-40FD-8C86-96A205EBF1FD}.Debug|Any CPU.Build.0 = Debug|Any CPU
		{FEF2E49A-6C56-40FD-8C86-96A205EBF1FD}.Release|Any CPU.ActiveCfg = Release|Any CPU
		{FEF2E49A-6C56-40FD-8C86-96A205EBF1FD}.Release|Any CPU.Build.0 = Release|Any CPU
		{3BDB0866-FD1E-4918-9417-1016CD4DA1E7}.Debug|Any CPU.ActiveCfg = Debug|Any CPU
		{3BDB0866-FD1E-4918-9417-1016CD4DA1E7}.Debug|Any CPU.Build.0 = Debug|Any CPU
		{3BDB0866-FD1E-4918-9417-1016CD4DA1E7}.Release|Any CPU.ActiveCfg = Release|Any CPU
		{3BDB0866-FD1E-4918-9417-1016CD4DA1E7}.Release|Any CPU.Build.0 = Release|Any CPU
		{313CC64E-430A-48ED-BFA9-16DE2C747CCD}.Debug|Any CPU.ActiveCfg = Debug|Any CPU
		{313CC64E-430A-48ED-BFA9-16DE2C747CCD}.Debug|Any CPU.Build.0 = Debug|Any CPU
		{313CC64E-430A-48ED-BFA9-16DE2C747CCD}.Release|Any CPU.ActiveCfg = Release|Any CPU
		{313CC64E-430A-48ED-BFA9-16DE2C747CCD}.Release|Any CPU.Build.0 = Release|Any CPU
		{DB435A39-18CA-4710-A3BF-7F9E795AE656}.Debug|Any CPU.ActiveCfg = Debug|Any CPU
		{DB435A39-18CA-4710-A3BF-7F9E795AE656}.Debug|Any CPU.Build.0 = Debug|Any CPU
		{DB435A39-18CA-4710-A3BF-7F9E795AE656}.Release|Any CPU.ActiveCfg = Release|Any CPU
		{DB435A39-18CA-4710-A3BF-7F9E795AE656}.Release|Any CPU.Build.0 = Release|Any CPU
		{FE2A6190-96D5-4825-BDF7-8A8FD1BB9260}.Debug|Any CPU.ActiveCfg = Debug|Any CPU
		{FE2A6190-96D5-4825-BDF7-8A8FD1BB9260}.Debug|Any CPU.Build.0 = Debug|Any CPU
		{FE2A6190-96D5-4825-BDF7-8A8FD1BB9260}.Release|Any CPU.ActiveCfg = Release|Any CPU
		{FE2A6190-96D5-4825-BDF7-8A8FD1BB9260}.Release|Any CPU.Build.0 = Release|Any CPU
		{552E7D11-065E-4B72-9C8A-2601551D08F9}.Debug|Any CPU.ActiveCfg = Debug|Any CPU
		{552E7D11-065E-4B72-9C8A-2601551D08F9}.Debug|Any CPU.Build.0 = Debug|Any CPU
		{552E7D11-065E-4B72-9C8A-2601551D08F9}.Release|Any CPU.ActiveCfg = Release|Any CPU
		{552E7D11-065E-4B72-9C8A-2601551D08F9}.Release|Any CPU.Build.0 = Release|Any CPU
		{18909A1B-BC8E-4E61-868E-2263A75C3328}.Debug|Any CPU.ActiveCfg = Debug|Any CPU
		{18909A1B-BC8E-4E61-868E-2263A75C3328}.Debug|Any CPU.Build.0 = Debug|Any CPU
		{18909A1B-BC8E-4E61-868E-2263A75C3328}.Release|Any CPU.ActiveCfg = Release|Any CPU
		{18909A1B-BC8E-4E61-868E-2263A75C3328}.Release|Any CPU.Build.0 = Release|Any CPU
		{059D44E3-8F26-471D-8461-2CE03D13BE6C}.Debug|Any CPU.ActiveCfg = Debug|Any CPU
		{059D44E3-8F26-471D-8461-2CE03D13BE6C}.Debug|Any CPU.Build.0 = Debug|Any CPU
		{059D44E3-8F26-471D-8461-2CE03D13BE6C}.Release|Any CPU.ActiveCfg = Release|Any CPU
		{059D44E3-8F26-471D-8461-2CE03D13BE6C}.Release|Any CPU.Build.0 = Release|Any CPU
		{CE4C9D66-EC33-4ED1-A9B5-FACE260C9B24}.Debug|Any CPU.ActiveCfg = Debug|Any CPU
		{CE4C9D66-EC33-4ED1-A9B5-FACE260C9B24}.Debug|Any CPU.Build.0 = Debug|Any CPU
		{CE4C9D66-EC33-4ED1-A9B5-FACE260C9B24}.Release|Any CPU.ActiveCfg = Release|Any CPU
		{CE4C9D66-EC33-4ED1-A9B5-FACE260C9B24}.Release|Any CPU.Build.0 = Release|Any CPU
		{B893A84E-6BDD-48BE-9249-2D3404FF0C9A}.Debug|Any CPU.ActiveCfg = Debug|Any CPU
		{B893A84E-6BDD-48BE-9249-2D3404FF0C9A}.Debug|Any CPU.Build.0 = Debug|Any CPU
		{B893A84E-6BDD-48BE-9249-2D3404FF0C9A}.Release|Any CPU.ActiveCfg = Release|Any CPU
		{B893A84E-6BDD-48BE-9249-2D3404FF0C9A}.Release|Any CPU.Build.0 = Release|Any CPU
	EndGlobalSection
	GlobalSection(SolutionProperties) = preSolution
		HideSolutionNode = FALSE
	EndGlobalSection
	GlobalSection(NestedProjects) = preSolution
		{CD961B92-658E-4EEC-B430-85665BAC1830} = {A98EA801-5CF3-4550-920B-F48963F4C123}
		{1F5F88D2-3F0C-4147-927F-5646AC79A65D} = {A98EA801-5CF3-4550-920B-F48963F4C123}
		{75E056F3-AC4C-419F-869A-5A1ED298DA9C} = {A98EA801-5CF3-4550-920B-F48963F4C123}
		{FEF2E49A-6C56-40FD-8C86-96A205EBF1FD} = {A98EA801-5CF3-4550-920B-F48963F4C123}
		{4CF10B0B-52CC-4ED3-A240-189935DF4291} = {BC75A940-26CF-43F1-BAA2-846A6BCE52DC}
		{313CC64E-430A-48ED-BFA9-16DE2C747CCD} = {A98EA801-5CF3-4550-920B-F48963F4C123}
		{18909A1B-BC8E-4E61-868E-2263A75C3328} = {A98EA801-5CF3-4550-920B-F48963F4C123}
		{059D44E3-8F26-471D-8461-2CE03D13BE6C} = {A98EA801-5CF3-4550-920B-F48963F4C123}
		{CE4C9D66-EC33-4ED1-A9B5-FACE260C9B24} = {A98EA801-5CF3-4550-920B-F48963F4C123}
		{B893A84E-6BDD-48BE-9249-2D3404FF0C9A} = {BC75A940-26CF-43F1-BAA2-846A6BCE52DC}
	EndGlobalSection
	GlobalSection(ExtensibilityGlobals) = postSolution
		SolutionGuid = {C1E48754-E921-4FC3-8BF2-123D1E7112F4}
	EndGlobalSection
EndGlobal
